
Microsoft Visual Studio Solution File, Format Version 12.00
# Visual Studio Version 17
VisualStudioVersion = 17.8.34525.116
MinimumVisualStudioVersion = 10.0.40219.1
Project("{FAE04EC0-301F-11D3-BF4B-00C04F79EFBC}") = "HYCMJACRFJMA", "HYCMJACRFJMA\HYCMJACRFJMA.csproj", "{F7CFB129-BFAF-43BA-8F72-150F06800F68}"
EndProject
Global
	GlobalSection(SolutionConfigurationPlatforms) = preSolution
		Debug|Any CPU = Debug|Any CPU
		Release|Any CPU = Release|Any CPU
	EndGlobalSection
	GlobalSection(ProjectConfigurationPlatforms) = postSolution
		{F7CFB129-BFAF-43BA-8F72-150F06800F68}.Debug|Any CPU.ActiveCfg = Debug|Any CPU
		{F7CFB129-BFAF-43BA-8F72-150F06800F68}.Debug|Any CPU.Build.0 = Debug|Any CPU
		{F7CFB129-BFAF-43BA-8F72-150F06800F68}.Release|Any CPU.ActiveCfg = Release|Any CPU
		{F7CFB129-BFAF-43BA-8F72-150F06800F68}.Release|Any CPU.Build.0 = Release|Any CPU
	EndGlobalSection
	GlobalSection(SolutionProperties) = preSolution
		HideSolutionNode = FALSE
	EndGlobalSection
	GlobalSection(ExtensibilityGlobals) = postSolution
		SolutionGuid = {60D1C430-29AE-4BE5-BC8D-E415EE2F0C69}
	EndGlobalSection
EndGlobal
